# generated by rye
# use `rye lock` or `rye sync` to update this lockfile
#
# last locked with the following flags:
#   pre: false
#   features: []
#   all-features: false
#   with-sources: false
#   generate-hashes: false

-e file:.
annotated-types==0.7.0
    # via pydantic
certifi==2024.6.2
    # via requests
charset-normalizer==3.3.2
    # via requests
eval-type-backport==0.2.0
    # via himon
idna==3.7
    # via requests
pydantic==2.7.4
    # via himon
pydantic-core==2.18.4
    # via pydantic
ratelimit==2.2.1
    # via himon
requests==2.32.3
    # via himon
typing-extensions==4.12.2
    # via annotated-types
    # via pydantic
    # via pydantic-core
urllib3==2.2.2
    # via requests
